
Microsoft Visual Studio Solution File, Format Version 12.00
# Visual Studio Version 17
VisualStudioVersion = 17.13.35818.85 d17.13
MinimumVisualStudioVersion = 10.0.40219.1
Project("{FAE04EC0-301F-11D3-BF4B-00C04F79EFBC}") = "API DE WARZONE", "API DE WARZONE.csproj", "{7B3172BA-F930-455F-99F3-B6EC25FF9E86}"
EndProject
Global
	GlobalSection(SolutionConfigurationPlatforms) = preSolution
		Debug|Any CPU = Debug|Any CPU
		Release|Any CPU = Release|Any CPU
	EndGlobalSection
	GlobalSection(ProjectConfigurationPlatforms) = postSolution
		{7B3172BA-F930-455F-99F3-B6EC25FF9E86}.Debug|Any CPU.ActiveCfg = Debug|Any CPU
		{7B3172BA-F930-455F-99F3-B6EC25FF9E86}.Debug|Any CPU.Build.0 = Debug|Any CPU
		{7B3172BA-F930-455F-99F3-B6EC25FF9E86}.Release|Any CPU.ActiveCfg = Release|Any CPU
		{7B3172BA-F930-455F-99F3-B6EC25FF9E86}.Release|Any CPU.Build.0 = Release|Any CPU
	EndGlobalSection
	GlobalSection(SolutionProperties) = preSolution
		HideSolutionNode = FALSE
	EndGlobalSection
	GlobalSection(ExtensibilityGlobals) = postSolution
		SolutionGuid = {882F11B9-0F08-4ABF-AB76-343D1634590B}
	EndGlobalSection
EndGlobal
